# This file is generated by running "yarn install" inside your project.
# Manual changes might be lost - proceed with caution!

__metadata:
  version: 4

"@chunk/api@workspace:packages/@chunk/api":
  version: 0.0.0-use.local
  resolution: "@chunk/api@workspace:packages/@chunk/api"
  languageName: unknown
  linkType: soft

"@chunk/client@workspace:packages/@chunk/client":
  version: 0.0.0-use.local
  resolution: "@chunk/client@workspace:packages/@chunk/client"
  languageName: unknown
  linkType: soft

"chunk@workspace:.":
  version: 0.0.0-use.local
  resolution: "chunk@workspace:."
  languageName: unknown
  linkType: soft
